
Microsoft Visual Studio Solution File, Format Version 12.00
# Visual Studio Version 16
VisualStudioVersion = 16.0.31624.102
MinimumVisualStudioVersion = 10.0.40219.1
Project("{FAE04EC0-301F-11D3-BF4B-00C04F79EFBC}") = "Lab_ngay_4", "Lab_ngay_4\Lab_ngay_4.csproj", "{8B312A0F-8E52-4126-A538-56F1D278FD9F}"
EndProject
Global
	GlobalSection(SolutionConfigurationPlatforms) = preSolution
		Debug|Any CPU = Debug|Any CPU
		Release|Any CPU = Release|Any CPU
	EndGlobalSection
	GlobalSection(ProjectConfigurationPlatforms) = postSolution
		{8B312A0F-8E52-4126-A538-56F1D278FD9F}.Debug|Any CPU.ActiveCfg = Debug|Any CPU
		{8B312A0F-8E52-4126-A538-56F1D278FD9F}.Debug|Any CPU.Build.0 = Debug|Any CPU
		{8B312A0F-8E52-4126-A538-56F1D278FD9F}.Release|Any CPU.ActiveCfg = Release|Any CPU
		{8B312A0F-8E52-4126-A538-56F1D278FD9F}.Release|Any CPU.Build.0 = Release|Any CPU
	EndGlobalSection
	GlobalSection(SolutionProperties) = preSolution
		HideSolutionNode = FALSE
	EndGlobalSection
	GlobalSection(ExtensibilityGlobals) = postSolution
		SolutionGuid = {392A9114-335C-4382-B8A3-8456F7325C8F}
	EndGlobalSection
EndGlobal
