
Microsoft Visual Studio Solution File, Format Version 12.00
# Visual Studio Version 16
VisualStudioVersion = 16.0.31624.102
MinimumVisualStudioVersion = 10.0.40219.1
Project("{FAE04EC0-301F-11D3-BF4B-00C04F79EFBC}") = "Lab_Mang2chieu", "Lab_Mang2chieu\Lab_Mang2chieu.csproj", "{561D39A0-8D13-4CAA-B42F-FF78C1F22025}"
EndProject
Global
	GlobalSection(SolutionConfigurationPlatforms) = preSolution
		Debug|Any CPU = Debug|Any CPU
		Release|Any CPU = Release|Any CPU
	EndGlobalSection
	GlobalSection(ProjectConfigurationPlatforms) = postSolution
		{561D39A0-8D13-4CAA-B42F-FF78C1F22025}.Debug|Any CPU.ActiveCfg = Debug|Any CPU
		{561D39A0-8D13-4CAA-B42F-FF78C1F22025}.Debug|Any CPU.Build.0 = Debug|Any CPU
		{561D39A0-8D13-4CAA-B42F-FF78C1F22025}.Release|Any CPU.ActiveCfg = Release|Any CPU
		{561D39A0-8D13-4CAA-B42F-FF78C1F22025}.Release|Any CPU.Build.0 = Release|Any CPU
	EndGlobalSection
	GlobalSection(SolutionProperties) = preSolution
		HideSolutionNode = FALSE
	EndGlobalSection
	GlobalSection(ExtensibilityGlobals) = postSolution
		SolutionGuid = {089A4EEF-2546-43C6-AC1A-13F5CD1EF929}
	EndGlobalSection
EndGlobal
